dependencies:
- name: loki-stack
  repository: https://grafana.github.io/helm-charts
  version: 2.10.2
- name: prometheus
  repository: https://prometheus-community.github.io/helm-charts
  version: 25.30.2
- name: minio
  repository: https://charts.min.io/
  version: 5.4.0
digest: sha256:f026f39c2e9dea7fd7cef17fc24a9bc9c51bde2fb2014a9b3dcce20b97917ecb
generated: "2025-04-07T08:56:03.766963-07:00"
