{
  "version": 4,
  "terraform_version": "1.9.5",
  "serial": 33,
  "lineage": "1e1ef3aa-ef50-af6b-566c-cd8a567877b1",
  "outputs": {
    "ssh_commands": {
      "value": {
        "github-runner": "ssh ubuntu@192.168.1.200"
      },
      "type": [
        "object",
        {
          "github-runner": "string"
        }
      ]
    },
    "vm_ips": {
      "value": {
        "github-runner": "192.168.1.200"
      },
      "type": [
        "object",
        {
          "github-runner": "string"
        }
      ]
    }
  },
  "resources": [
    {
      "module": "module.vsphere_vms",
      "mode": "data",
      "type": "vsphere_compute_cluster",
      "name": "cluster",
      "provider": "provider[\"registry.terraform.io/hashicorp/vsphere\"]",
      "instances": [
        {
          "schema_version": 0,
          "attributes": {
            "datacenter_id": "datacenter-3",
            "id": "domain-c8",
            "name": "LabCluster",
            "resource_pool_id": "resgroup-9"
          },
          "sensitive_attributes": []
        }
      ]
    },
    {
      "module": "module.vsphere_vms",
      "mode": "data",
      "type": "vsphere_datacenter",
      "name": "datacenter",
      "provider": "provider[\"registry.terraform.io/hashicorp/vsphere\"]",
      "instances": [
        {
          "schema_version": 0,
          "attributes": {
            "id": "datacenter-3",
            "name": "DC0",
            "virtual_machines": [
              "VMware vCenter Server",
              "control-0",
              "github-runner-1",
              "ubuntu-noble-24.04-cloudimg",
              "vCLS-e2de2fdf-5ef9-4687-aebd-6c2156422739",
              "worker0"
            ]
          },
          "sensitive_attributes": []
        }
      ]
    },
    {
      "module": "module.vsphere_vms",
      "mode": "data",
      "type": "vsphere_datastore",
      "name": "datastore",
      "provider": "provider[\"registry.terraform.io/hashicorp/vsphere\"]",
      "instances": [
        {
          "schema_version": 0,
          "attributes": {
            "datacenter_id": "datacenter-3",
            "id": "datastore-17",
            "name": "SSD",
            "stats": {
              "capacity": "8001524072448",
              "free": "7981044334592"
            }
          },
          "sensitive_attributes": []
        }
      ]
    },
    {
      "module": "module.vsphere_vms",
      "mode": "data",
      "type": "vsphere_host",
      "name": "host",
      "provider": "provider[\"registry.terraform.io/hashicorp/vsphere\"]",
      "instances": [
        {
          "schema_version": 0,
          "attributes": {
            "datacenter_id": "datacenter-3",
            "id": "host-12",
            "name": "192.168.1.67",
            "resource_pool_id": "resgroup-9"
          },
          "sensitive_attributes": []
        }
      ]
    },
    {
      "module": "module.vsphere_vms",
      "mode": "data",
      "type": "vsphere_network",
      "name": "network",
      "provider": "provider[\"registry.terraform.io/hashicorp/vsphere\"]",
      "instances": [
        {
          "schema_version": 0,
          "attributes": {
            "datacenter_id": "datacenter-3",
            "distributed_virtual_switch_uuid": null,
            "filter": null,
            "id": "network-18",
            "name": "VM Network",
            "type": "Network"
          },
          "sensitive_attributes": []
        }
      ]
    },
    {
      "module": "module.vsphere_vms",
      "mode": "data",
      "type": "vsphere_ovf_vm_template",
      "name": "ubuntu_cloud",
      "provider": "provider[\"registry.terraform.io/hashicorp/vsphere\"]",
      "instances": [
        {
          "schema_version": 0,
          "attributes": {
            "allow_unverified_ssl_cert": true,
            "alternate_guest_name": "",
            "annotation": "",
            "cpu_hot_add_enabled": false,
            "cpu_hot_remove_enabled": false,
            "cpu_performance_counters_enabled": null,
            "datastore_id": "datastore-17",
            "deployment_option": null,
            "disk_provisioning": "thin",
            "enable_hidden_properties": false,
            "firmware": "bios",
            "folder": null,
            "guest_id": "ubuntu64Guest",
            "host_system_id": "host-12",
            "id": "ubuntu-cloud-template",
            "ide_controller_count": 2,
            "ip_allocation_policy": null,
            "ip_protocol": null,
            "local_ovf_path": null,
            "memory": 1024,
            "memory_hot_add_enabled": false,
            "name": "ubuntu-cloud-template",
            "nested_hv_enabled": false,
            "num_cores_per_socket": 0,
            "num_cpus": 2,
            "ovf_network_map": {
              "VM Network": "network-18"
            },
            "remote_ovf_url": "https://cloud-images.ubuntu.com/noble/current/noble-server-cloudimg-amd64.ova",
            "resource_pool_id": "resgroup-9",
            "sata_controller_count": 0,
            "scsi_controller_count": 1,
            "scsi_type": "pvscsi",
            "swap_placement_policy": ""
          },
          "sensitive_attributes": []
        }
      ]
    },
    {
      "module": "module.vsphere_vms",
      "mode": "managed",
      "type": "vsphere_virtual_machine",
      "name": "vm",
      "provider": "provider[\"registry.terraform.io/hashicorp/vsphere\"]",
      "instances": [
        {
          "index_key": "github-runner",
          "schema_version": 3,
          "attributes": {
            "alternate_guest_name": "",
            "annotation": "",
            "boot_delay": 0,
            "boot_retry_delay": 10000,
            "boot_retry_enabled": false,
            "cdrom": [
              {
                "client_device": true,
                "datastore_id": "",
                "device_address": "ide:1:0",
                "key": 3002,
                "path": ""
              }
            ],
            "change_version": "2025-04-08T23:30:16.304804Z",
            "clone": [],
            "cpu_hot_add_enabled": false,
            "cpu_hot_remove_enabled": false,
            "cpu_limit": -1,
            "cpu_performance_counters_enabled": false,
            "cpu_reservation": 0,
            "cpu_share_count": 2000,
            "cpu_share_level": "normal",
            "custom_attributes": null,
            "datacenter_id": "datacenter-3",
            "datastore_cluster_id": null,
            "datastore_id": "datastore-17",
            "default_ip_address": "192.168.1.200",
            "disk": [
              {
                "attach": false,
                "controller_type": "scsi",
                "datastore_id": "datastore-17",
                "device_address": "scsi:0:0",
                "disk_mode": "persistent",
                "disk_sharing": "sharingNone",
                "eagerly_scrub": false,
                "io_limit": -1,
                "io_reservation": 0,
                "io_share_count": 1000,
                "io_share_level": "normal",
                "keep_on_remove": false,
                "key": 2000,
                "label": "disk0",
                "path": "github-runner/github-runner.vmdk",
                "size": 10,
                "storage_policy_id": "",
                "thin_provisioned": true,
                "unit_number": 0,
                "uuid": "6000C295-3841-4f55-a1e5-ccbbb8399248",
                "write_through": false
              }
            ],
            "efi_secure_boot_enabled": false,
            "enable_disk_uuid": false,
            "enable_logging": false,
            "ept_rvi_mode": "",
            "extra_config": null,
            "extra_config_reboot_required": true,
            "firmware": "bios",
            "folder": "DevOps-VMs",
            "force_power_off": true,
            "guest_id": "ubuntu64Guest",
            "guest_ip_addresses": [
              "192.168.1.200",
              "2001:569:bfc7:f200:250:56ff:fe94:50ff",
              "fe80::250:56ff:fe94:50ff"
            ],
            "hardware_version": 10,
            "host_system_id": "host-12",
            "hv_mode": "",
            "id": "4214f6e9-4328-b68d-fc34-c68b4ec3edd2",
            "ide_controller_count": 2,
            "ignored_guest_ips": null,
            "imported": null,
            "latency_sensitivity": "normal",
            "memory": 4096,
            "memory_hot_add_enabled": false,
            "memory_limit": -1,
            "memory_reservation": 0,
            "memory_reservation_locked_to_max": false,
            "memory_share_count": 40960,
            "memory_share_level": "normal",
            "migrate_wait_timeout": 30,
            "moid": "vm-1083",
            "name": "github-runner",
            "nested_hv_enabled": false,
            "network_interface": [
              {
                "adapter_type": "vmxnet3",
                "bandwidth_limit": -1,
                "bandwidth_reservation": 0,
                "bandwidth_share_count": 50,
                "bandwidth_share_level": "normal",
                "device_address": "pci:0:7",
                "key": 4000,
                "mac_address": "00:50:56:94:50:ff",
                "network_id": "network-18",
                "ovf_mapping": "",
                "physical_function": "",
                "use_static_mac": false
              }
            ],
            "num_cores_per_socket": 1,
            "num_cpus": 2,
            "nvme_controller_count": 0,
            "ovf_deploy": [
              {
                "allow_unverified_ssl_cert": true,
                "deployment_option": "",
                "disk_provisioning": "thin",
                "enable_hidden_properties": false,
                "ip_allocation_policy": "",
                "ip_protocol": "",
                "local_ovf_path": "",
                "ovf_network_map": {
                  "VM Network": "network-18"
                },
                "remote_ovf_url": "https://cloud-images.ubuntu.com/noble/current/noble-server-cloudimg-amd64.ova"
              }
            ],
            "pci_device_id": null,
            "power_state": "on",
            "poweron_timeout": 300,
            "reboot_required": false,
            "replace_trigger": null,
            "resource_pool_id": "resgroup-9",
            "run_tools_scripts_after_power_on": true,
            "run_tools_scripts_after_resume": true,
            "run_tools_scripts_before_guest_reboot": false,
            "run_tools_scripts_before_guest_shutdown": true,
            "run_tools_scripts_before_guest_standby": true,
            "sata_controller_count": 0,
            "scsi_bus_sharing": "noSharing",
            "scsi_controller_count": 1,
            "scsi_type": "pvscsi",
            "shutdown_wait_timeout": 3,
            "storage_policy_id": "",
            "swap_placement_policy": "inherit",
            "sync_time_with_host": true,
            "sync_time_with_host_periodically": false,
            "tags": null,
            "tools_upgrade_policy": "manual",
            "uuid": "4214f6e9-4328-b68d-fc34-c68b4ec3edd2",
            "vapp": [
              {
                "properties": {
                  "hostname": "github-runner",
                  "instance-id": "github-runner",
                  "public-keys": "ssh-ed25519 AAAAC3NzaC1lZDI1NTE5AAAAIO3sOFB9wGEcOgNO5BfxF35Sh+EAOxWTZjx//DK4XHAx jon@example.com",
                  "user-data": "I2Nsb3VkLWNvbmZpZwpob3N0bmFtZTogZ2l0aHViLXJ1bm5lcgpmcWRuOiBnaXRodWItcnVubmVyLmxvY2FsCm1hbmFnZV9ldGNfaG9zdHM6IHRydWUKc3NoX3B3YXV0aDogZmFsc2UKCiMgSGlnaGVyIHByaW9yaXR5IGZvciBuZXR3b3JrIGNvbmZpZwpkYXRhc291cmNlOgogIE9WRjoKICAgIGFwcGx5X25ldHdvcmtfY29uZmlnOiBmYWxzZSAgIyBEaXNhYmxlIE9WRiBuZXR3b3JrIGNvbmZpZwoKIyBUZWxsIGNsb3VkLWluaXQgdG8gdXNlIHRoaXMgbmV0d29yayBjb25maWcKbmV0d29yazoKICBjb25maWc6IGRpc2FibGVkICAjIERpc2FibGUgY2xvdWQtaW5pdCdzIGRlZmF1bHQgbmV0d29ya2luZwogIHZlcnNpb246IDIKICBldGhlcm5ldHM6CiAgICBlbnMxOTI6CgogICAgICBkaGNwNDogZmFsc2UKICAgICAgYWRkcmVzc2VzOgogICAgICAgIC0gMTkyLjE2OC4xLjIwMC8yNAogICAgICBnYXRld2F5NDogMTkyLjE2OC4xLjI1NAoKICAgICAgbmFtZXNlcnZlcnM6CiAgICAgICAgYWRkcmVzc2VzOiBbIjguOC44LjgiLCI4LjguNC40Il0KCiMgRm9yY2UgZmlsZXMgdG8gY29udHJvbCBuZXR3b3JrIGNvbmZpZ3VyYXRpb24Kd3JpdGVfZmlsZXM6CiAgLSBwYXRoOiAvZXRjL2Nsb3VkL2Nsb3VkLmNmZy5kLzk5LWRpc2FibGUtbmV0d29yay1jb25maWcuY2ZnCiAgICBvd25lcjogcm9vdDpyb290CiAgICBwZXJtaXNzaW9uczogJzA2NDQnCiAgICBjb250ZW50OiB8CiAgICAgIG5ldHdvcms6IHtjb25maWc6IGRpc2FibGVkfQogIC0gcGF0aDogL2V0Yy9uZXRwbGFuLzYwLXN0YXRpYy1pcC55YW1sCiAgICBvd25lcjogcm9vdDpyb290CiAgICBwZXJtaXNzaW9uczogJzA2NDQnCiAgICBjb250ZW50OiB8CiAgICAgIG5ldHdvcms6CiAgICAgICAgdmVyc2lvbjogMgogICAgICAgIGV0aGVybmV0czoKICAgICAgICAgIGVuczE5MjoKCiAgICAgICAgICAgIGRoY3A0OiBmYWxzZQogICAgICAgICAgICBhZGRyZXNzZXM6CiAgICAgICAgICAgICAgLSAxOTIuMTY4LjEuMjAwLzI0CiAgICAgICAgICAgIHJvdXRlczoKICAgICAgICAgICAgICAtIHRvOiBkZWZhdWx0CiAgICAgICAgICAgICAgICB2aWE6IDE5Mi4xNjguMS4yNTQKCiAgICAgICAgICAgIG5hbWVzZXJ2ZXJzOgogICAgICAgICAgICAgIGFkZHJlc3NlczogWyI4LjguOC44IiwiOC44LjQuNCJdCgojIFRoaXMgd2lsbCBydW4gYXQgdGhlIGVuZCBvZiBjbG91ZC1pbml0CnJ1bmNtZDoKICAtIG5ldHBsYW4gYXBwbHkKCnVzZXJzOgogIC0gbmFtZTogdWJ1bnR1CiAgICBzdWRvOiBBTEw9KEFMTCkgTk9QQVNTV0Q6QUxMCiAgICBzaGVsbDogL2Jpbi9iYXNoCiAgICBzc2hfYXV0aG9yaXplZF9rZXlzOgogICAgICAtIHNzaC1lZDI1NTE5IEFBQUFDM056YUMxbFpESTFOVEU1QUFBQUlPM3NPRkI5d0dFY09nTk81QmZ4RjM1U2grRUFPeFdUWmp4Ly9ESzRYSEF4IGpvbkBleGFtcGxlLmNvbQoKcGFja2FnZV91cGRhdGU6IHRydWUKcGFja2FnZV91cGdyYWRlOiB0cnVl"
                }
              }
            ],
            "vapp_transport": [
              "iso"
            ],
            "vbs_enabled": false,
            "vmware_tools_status": "guestToolsRunning",
            "vmx_path": "github-runner/github-runner.vmx",
            "vtpm": [],
            "vvtd_enabled": false,
            "wait_for_guest_ip_timeout": 5,
            "wait_for_guest_net_routable": true,
            "wait_for_guest_net_timeout": 5
          },
          "sensitive_attributes": [],
          "private": "eyJzY2hlbWFfdmVyc2lvbiI6IjMifQ==",
          "dependencies": [
            "module.vsphere_vms.data.vsphere_compute_cluster.cluster",
            "module.vsphere_vms.data.vsphere_datacenter.datacenter",
            "module.vsphere_vms.data.vsphere_datastore.datastore",
            "module.vsphere_vms.data.vsphere_host.host",
            "module.vsphere_vms.data.vsphere_network.network",
            "module.vsphere_vms.data.vsphere_ovf_vm_template.ubuntu_cloud"
          ]
        }
      ]
    }
  ],
  "check_results": [
    {
      "object_kind": "var",
      "config_addr": "module.vsphere_vms.var.vm_configs",
      "status": "pass",
      "objects": [
        {
          "object_addr": "module.vsphere_vms.var.vm_configs",
          "status": "pass"
        }
      ]
    }
  ]
}
