{
  "version": 4,
  "terraform_version": "1.9.5",
  "serial": 30,
  "lineage": "1e1ef3aa-ef50-af6b-566c-cd8a567877b1",
  "outputs": {
    "ssh_commands": {
      "value": {
        "github-runner-1": "ssh ubuntu@192.168.1.200"
      },
      "type": [
        "object",
        {
          "github-runner-1": "string"
        }
      ]
    },
    "vm_ips": {
      "value": {
        "github-runner-1": "192.168.1.200"
      },
      "type": [
        "object",
        {
          "github-runner-1": "string"
        }
      ]
    }
  },
  "resources": [
    {
      "module": "module.vsphere_vms",
      "mode": "data",
      "type": "vsphere_compute_cluster",
      "name": "cluster",
      "provider": "provider[\"registry.terraform.io/hashicorp/vsphere\"]",
      "instances": [
        {
          "schema_version": 0,
          "attributes": {
            "datacenter_id": "datacenter-3",
            "id": "domain-c8",
            "name": "LabCluster",
            "resource_pool_id": "resgroup-9"
          },
          "sensitive_attributes": []
        }
      ]
    },
    {
      "module": "module.vsphere_vms",
      "mode": "data",
      "type": "vsphere_datacenter",
      "name": "datacenter",
      "provider": "provider[\"registry.terraform.io/hashicorp/vsphere\"]",
      "instances": [
        {
          "schema_version": 0,
          "attributes": {
            "id": "datacenter-3",
            "name": "DC0",
            "virtual_machines": [
              "VMware vCenter Server",
              "control-0",
              "github-runner-2",
              "ubuntu-noble-24.04-cloudimg",
              "vCLS-e2de2fdf-5ef9-4687-aebd-6c2156422739",
              "worker0"
            ]
          },
          "sensitive_attributes": []
        }
      ]
    },
    {
      "module": "module.vsphere_vms",
      "mode": "data",
      "type": "vsphere_datastore",
      "name": "datastore",
      "provider": "provider[\"registry.terraform.io/hashicorp/vsphere\"]",
      "instances": [
        {
          "schema_version": 0,
          "attributes": {
            "datacenter_id": "datacenter-3",
            "id": "datastore-17",
            "name": "SSD",
            "stats": {
              "capacity": "8001524072448",
              "free": "7992533581824"
            }
          },
          "sensitive_attributes": []
        }
      ]
    },
    {
      "module": "module.vsphere_vms",
      "mode": "data",
      "type": "vsphere_host",
      "name": "host",
      "provider": "provider[\"registry.terraform.io/hashicorp/vsphere\"]",
      "instances": [
        {
          "schema_version": 0,
          "attributes": {
            "datacenter_id": "datacenter-3",
            "id": "host-12",
            "name": "192.168.1.67",
            "resource_pool_id": "resgroup-9"
          },
          "sensitive_attributes": []
        }
      ]
    },
    {
      "module": "module.vsphere_vms",
      "mode": "data",
      "type": "vsphere_network",
      "name": "network",
      "provider": "provider[\"registry.terraform.io/hashicorp/vsphere\"]",
      "instances": [
        {
          "schema_version": 0,
          "attributes": {
            "datacenter_id": "datacenter-3",
            "distributed_virtual_switch_uuid": null,
            "filter": null,
            "id": "network-18",
            "name": "VM Network",
            "type": "Network"
          },
          "sensitive_attributes": []
        }
      ]
    },
    {
      "module": "module.vsphere_vms",
      "mode": "data",
      "type": "vsphere_ovf_vm_template",
      "name": "ubuntu_cloud",
      "provider": "provider[\"registry.terraform.io/hashicorp/vsphere\"]",
      "instances": [
        {
          "schema_version": 0,
          "attributes": {
            "allow_unverified_ssl_cert": true,
            "alternate_guest_name": "",
            "annotation": "",
            "cpu_hot_add_enabled": false,
            "cpu_hot_remove_enabled": false,
            "cpu_performance_counters_enabled": null,
            "datastore_id": "datastore-17",
            "deployment_option": null,
            "disk_provisioning": "thin",
            "enable_hidden_properties": false,
            "firmware": "bios",
            "folder": null,
            "guest_id": "ubuntu64Guest",
            "host_system_id": "host-12",
            "id": "ubuntu-cloud-template",
            "ide_controller_count": 2,
            "ip_allocation_policy": null,
            "ip_protocol": null,
            "local_ovf_path": null,
            "memory": 1024,
            "memory_hot_add_enabled": false,
            "name": "ubuntu-cloud-template",
            "nested_hv_enabled": false,
            "num_cores_per_socket": 0,
            "num_cpus": 2,
            "ovf_network_map": {
              "VM Network": "network-18"
            },
            "remote_ovf_url": "https://cloud-images.ubuntu.com/noble/current/noble-server-cloudimg-amd64.ova",
            "resource_pool_id": "resgroup-9",
            "sata_controller_count": 0,
            "scsi_controller_count": 1,
            "scsi_type": "pvscsi",
            "swap_placement_policy": ""
          },
          "sensitive_attributes": []
        }
      ]
    },
    {
      "module": "module.vsphere_vms",
      "mode": "managed",
      "type": "vsphere_virtual_machine",
      "name": "vm",
      "provider": "provider[\"registry.terraform.io/hashicorp/vsphere\"]",
      "instances": [
        {
          "index_key": "github-runner-1",
          "schema_version": 3,
          "attributes": {
            "alternate_guest_name": "",
            "annotation": "",
            "boot_delay": 0,
            "boot_retry_delay": 10000,
            "boot_retry_enabled": false,
            "cdrom": [
              {
                "client_device": true,
                "datastore_id": "",
                "device_address": "ide:1:0",
                "key": 3002,
                "path": ""
              }
            ],
            "change_version": "2025-04-08T19:28:50.688377Z",
            "clone": [],
            "cpu_hot_add_enabled": false,
            "cpu_hot_remove_enabled": false,
            "cpu_limit": -1,
            "cpu_performance_counters_enabled": false,
            "cpu_reservation": 0,
            "cpu_share_count": 2000,
            "cpu_share_level": "normal",
            "custom_attributes": null,
            "datacenter_id": "datacenter-3",
            "datastore_cluster_id": null,
            "datastore_id": "datastore-17",
            "default_ip_address": "192.168.1.200",
            "disk": [
              {
                "attach": false,
                "controller_type": "scsi",
                "datastore_id": "datastore-17",
                "device_address": "scsi:0:0",
                "disk_mode": "persistent",
                "disk_sharing": "sharingNone",
                "eagerly_scrub": false,
                "io_limit": -1,
                "io_reservation": 0,
                "io_share_count": 1000,
                "io_share_level": "normal",
                "keep_on_remove": false,
                "key": 2000,
                "label": "disk0",
                "path": "github-runner-1/github-runner-1.vmdk",
                "size": 10,
                "storage_policy_id": "",
                "thin_provisioned": true,
                "unit_number": 0,
                "uuid": "6000C299-ce73-877d-18a2-33e9b62ac61a",
                "write_through": false
              }
            ],
            "efi_secure_boot_enabled": false,
            "enable_disk_uuid": false,
            "enable_logging": false,
            "ept_rvi_mode": "",
            "extra_config": null,
            "extra_config_reboot_required": true,
            "firmware": "bios",
            "folder": "DevOps-VMs",
            "force_power_off": true,
            "guest_id": "ubuntu64Guest",
            "guest_ip_addresses": [
              "192.168.1.200",
              "2001:569:bfc7:f200:250:56ff:fe94:8812",
              "fe80::250:56ff:fe94:8812"
            ],
            "hardware_version": 10,
            "host_system_id": "host-12",
            "hv_mode": "",
            "id": "42148d23-f612-ff21-b48a-36fc93459e75",
            "ide_controller_count": 2,
            "ignored_guest_ips": null,
            "imported": null,
            "latency_sensitivity": "normal",
            "memory": 4096,
            "memory_hot_add_enabled": false,
            "memory_limit": -1,
            "memory_reservation": 0,
            "memory_reservation_locked_to_max": false,
            "memory_share_count": 40960,
            "memory_share_level": "normal",
            "migrate_wait_timeout": 30,
            "moid": "vm-1082",
            "name": "github-runner-1",
            "nested_hv_enabled": false,
            "network_interface": [
              {
                "adapter_type": "vmxnet3",
                "bandwidth_limit": -1,
                "bandwidth_reservation": 0,
                "bandwidth_share_count": 50,
                "bandwidth_share_level": "normal",
                "device_address": "pci:0:7",
                "key": 4000,
                "mac_address": "00:50:56:94:88:12",
                "network_id": "network-18",
                "ovf_mapping": "",
                "physical_function": "",
                "use_static_mac": false
              }
            ],
            "num_cores_per_socket": 1,
            "num_cpus": 2,
            "nvme_controller_count": 0,
            "ovf_deploy": [
              {
                "allow_unverified_ssl_cert": true,
                "deployment_option": "",
                "disk_provisioning": "thin",
                "enable_hidden_properties": false,
                "ip_allocation_policy": "",
                "ip_protocol": "",
                "local_ovf_path": "",
                "ovf_network_map": {
                  "VM Network": "network-18"
                },
                "remote_ovf_url": "https://cloud-images.ubuntu.com/noble/current/noble-server-cloudimg-amd64.ova"
              }
            ],
            "pci_device_id": null,
            "power_state": "on",
            "poweron_timeout": 300,
            "reboot_required": false,
            "replace_trigger": null,
            "resource_pool_id": "resgroup-9",
            "run_tools_scripts_after_power_on": true,
            "run_tools_scripts_after_resume": true,
            "run_tools_scripts_before_guest_reboot": false,
            "run_tools_scripts_before_guest_shutdown": true,
            "run_tools_scripts_before_guest_standby": true,
            "sata_controller_count": 0,
            "scsi_bus_sharing": "noSharing",
            "scsi_controller_count": 1,
            "scsi_type": "pvscsi",
            "shutdown_wait_timeout": 3,
            "storage_policy_id": "",
            "swap_placement_policy": "inherit",
            "sync_time_with_host": true,
            "sync_time_with_host_periodically": false,
            "tags": null,
            "tools_upgrade_policy": "manual",
            "uuid": "42148d23-f612-ff21-b48a-36fc93459e75",
            "vapp": [
              {
                "properties": {
                  "hostname": "github-runner-1",
                  "instance-id": "github-runner-1",
                  "public-keys": "ssh-ed25519 AAAAC3NzaC1lZDI1NTE5AAAAIO3sOFB9wGEcOgNO5BfxF35Sh+EAOxWTZjx//DK4XHAx jon@example.com",
                  "user-data": "I2Nsb3VkLWNvbmZpZwpob3N0bmFtZTogZ2l0aHViLXJ1bm5lci0xCmZxZG46IGdpdGh1Yi1ydW5uZXItMS5sb2NhbAptYW5hZ2VfZXRjX2hvc3RzOiB0cnVlCnNzaF9wd2F1dGg6IGZhbHNlCgojIEhpZ2hlciBwcmlvcml0eSBmb3IgbmV0d29yayBjb25maWcKZGF0YXNvdXJjZToKICBPVkY6CiAgICBhcHBseV9uZXR3b3JrX2NvbmZpZzogZmFsc2UgICMgRGlzYWJsZSBPVkYgbmV0d29yayBjb25maWcKCiMgVGVsbCBjbG91ZC1pbml0IHRvIHVzZSB0aGlzIG5ldHdvcmsgY29uZmlnCm5ldHdvcms6CiAgY29uZmlnOiBkaXNhYmxlZCAgIyBEaXNhYmxlIGNsb3VkLWluaXQncyBkZWZhdWx0IG5ldHdvcmtpbmcKICB2ZXJzaW9uOiAyCiAgZXRoZXJuZXRzOgogICAgZW5zMTkyOgoKICAgICAgZGhjcDQ6IGZhbHNlCiAgICAgIGFkZHJlc3NlczoKICAgICAgICAtIDE5Mi4xNjguMS4yMDAvMjQKICAgICAgZ2F0ZXdheTQ6IDE5Mi4xNjguMS4yNTQKCiAgICAgIG5hbWVzZXJ2ZXJzOgogICAgICAgIGFkZHJlc3NlczogWyI4LjguOC44IiwiOC44LjQuNCJdCgojIEZvcmNlIGZpbGVzIHRvIGNvbnRyb2wgbmV0d29yayBjb25maWd1cmF0aW9uCndyaXRlX2ZpbGVzOgogIC0gcGF0aDogL2V0Yy9jbG91ZC9jbG91ZC5jZmcuZC85OS1kaXNhYmxlLW5ldHdvcmstY29uZmlnLmNmZwogICAgb3duZXI6IHJvb3Q6cm9vdAogICAgcGVybWlzc2lvbnM6ICcwNjQ0JwogICAgY29udGVudDogfAogICAgICBuZXR3b3JrOiB7Y29uZmlnOiBkaXNhYmxlZH0KICAtIHBhdGg6IC9ldGMvbmV0cGxhbi82MC1zdGF0aWMtaXAueWFtbAogICAgb3duZXI6IHJvb3Q6cm9vdAogICAgcGVybWlzc2lvbnM6ICcwNjQ0JwogICAgY29udGVudDogfAogICAgICBuZXR3b3JrOgogICAgICAgIHZlcnNpb246IDIKICAgICAgICBldGhlcm5ldHM6CiAgICAgICAgICBlbnMxOTI6CgogICAgICAgICAgICBkaGNwNDogZmFsc2UKICAgICAgICAgICAgYWRkcmVzc2VzOgogICAgICAgICAgICAgIC0gMTkyLjE2OC4xLjIwMC8yNAogICAgICAgICAgICByb3V0ZXM6CiAgICAgICAgICAgICAgLSB0bzogZGVmYXVsdAogICAgICAgICAgICAgICAgdmlhOiAxOTIuMTY4LjEuMjU0CgogICAgICAgICAgICBuYW1lc2VydmVyczoKICAgICAgICAgICAgICBhZGRyZXNzZXM6IFsiOC44LjguOCIsIjguOC40LjQiXQoKIyBUaGlzIHdpbGwgcnVuIGF0IHRoZSBlbmQgb2YgY2xvdWQtaW5pdApydW5jbWQ6CiAgLSBuZXRwbGFuIGFwcGx5Cgp1c2VyczoKICAtIG5hbWU6IHVidW50dQogICAgc3VkbzogQUxMPShBTEwpIE5PUEFTU1dEOkFMTAogICAgc2hlbGw6IC9iaW4vYmFzaAogICAgc3NoX2F1dGhvcml6ZWRfa2V5czoKICAgICAgLSBzc2gtZWQyNTUxOSBBQUFBQzNOemFDMWxaREkxTlRFNUFBQUFJTzNzT0ZCOXdHRWNPZ05PNUJmeEYzNVNoK0VBT3hXVFpqeC8vREs0WEhBeCBqb25AZXhhbXBsZS5jb20KCnBhY2thZ2VfdXBkYXRlOiB0cnVlCnBhY2thZ2VfdXBncmFkZTogdHJ1ZQ=="
                }
              }
            ],
            "vapp_transport": [
              "iso"
            ],
            "vbs_enabled": false,
            "vmware_tools_status": "guestToolsRunning",
            "vmx_path": "github-runner-1/github-runner-1.vmx",
            "vtpm": [],
            "vvtd_enabled": false,
            "wait_for_guest_ip_timeout": 5,
            "wait_for_guest_net_routable": true,
            "wait_for_guest_net_timeout": 5
          },
          "sensitive_attributes": [],
          "private": "eyJzY2hlbWFfdmVyc2lvbiI6IjMifQ==",
          "dependencies": [
            "module.vsphere_vms.data.vsphere_compute_cluster.cluster",
            "module.vsphere_vms.data.vsphere_datacenter.datacenter",
            "module.vsphere_vms.data.vsphere_datastore.datastore",
            "module.vsphere_vms.data.vsphere_host.host",
            "module.vsphere_vms.data.vsphere_network.network",
            "module.vsphere_vms.data.vsphere_ovf_vm_template.ubuntu_cloud"
          ]
        }
      ]
    }
  ],
  "check_results": [
    {
      "object_kind": "var",
      "config_addr": "module.vsphere_vms.var.vm_configs",
      "status": "pass",
      "objects": [
        {
          "object_addr": "module.vsphere_vms.var.vm_configs",
          "status": "pass"
        }
      ]
    }
  ]
}
